# This file was autogenerated by Stack.
# You should not edit this file by hand.
# For more information, please see the documentation at:
#   https://docs.haskellstack.org/en/stable/lock_files

packages: []
snapshots:
- completed:
    size: 521693
    url: https://raw.githubusercontent.com/commercialhaskell/stackage-snapshots/master/nightly/2019/7/25.yaml
    sha256: dbc5a9fff8db6888b7733b8d9e1b9948e749d17cba077ee82e172e463fd37204
  original: nightly-2019-07-25
